Microsoft Visual Studio Solution File, Format Version 12.00
# Visual Studio Version 17
VisualStudioVersion = 17.5.2.0
MinimumVisualStudioVersion = 10.0.40219.1
Project("{2150E333-8FDC-42A3-9474-1A3956D46DE8}") = "eng", "eng", "{7525B257-249C-EE79-B10A-65D0BC27ABA9}"
EndProject
Project("{2150E333-8FDC-42A3-9474-1A3956D46DE8}") = "test", "test", "{0C88DD14-F956-CE84-757C-A364CCF449FC}"
EndProject
Project("{2150E333-8FDC-42A3-9474-1A3956D46DE8}") = "samples", "samples", "{5D20AA90-6969-D8BD-9DCD-8634F4692FDA}"
EndProject
Project("{2150E333-8FDC-42A3-9474-1A3956D46DE8}") = "testassets", "testassets", "{D60AE85E-0EEB-9F9F-5028-C5AE7D3D09F0}"
EndProject
Project("{2150E333-8FDC-42A3-9474-1A3956D46DE8}") = "src", "src", "{827E0CD3-B72D-47B6-A68D-7590B98EB39B}"
EndProject
Project("{2150E333-8FDC-42A3-9474-1A3956D46DE8}") = "yarpapppack", "yarpapppack", "{897BA3B2-BC1D-FDEF-C6F3-E6756EDADCBE}"
EndProject
Project("{FAE04EC0-301F-11D3-BF4B-00C04F79EFBC}") = "yarpapppack-linux-x64", "eng\yarpapppack\yarpapppack-linux-x64.csproj", "{55791CE7-E2CF-0EA5-E9FD-F692F84D87CF}"
EndProject
Project("{FAE04EC0-301F-11D3-BF4B-00C04F79EFBC}") = "yarpapppack-linux-arm64", "eng\yarpapppack\yarpapppack-linux-arm64.csproj", "{8774BAFB-5F63-813C-5AAB-F7DA777C2EA5}"
EndProject
Project("{2150E333-8FDC-42A3-9474-1A3956D46DE8}") = "Application.Tests", "Application.Tests", "{A9D4E39F-4D25-9AF6-48CA-469BF27C04C3}"
EndProject
Project("{FAE04EC0-301F-11D3-BF4B-00C04F79EFBC}") = "Yarp.Application.Tests", "test\Application.Tests\Yarp.Application.Tests.csproj", "{58D01B73-9B76-A187-73CE-DE71641393F6}"
EndProject
Project("{2150E333-8FDC-42A3-9474-1A3956D46DE8}") = "ReverseProxy.Tests", "ReverseProxy.Tests", "{DBFC996C-B498-C9ED-1F66-935C09ED0954}"
EndProject
Project("{FAE04EC0-301F-11D3-BF4B-00C04F79EFBC}") = "Yarp.ReverseProxy.Tests", "test\ReverseProxy.Tests\Yarp.ReverseProxy.Tests.csproj", "{5F3571D9-2556-67B0-1EB6-DE7F86A7E2F8}"
EndProject
Project("{2150E333-8FDC-42A3-9474-1A3956D46DE8}") = "ReverseProxy.FunctionalTests", "ReverseProxy.FunctionalTests", "{176F0CAF-FB2E-E5C2-8D92-9DC35187CEB3}"
EndProject
Project("{FAE04EC0-301F-11D3-BF4B-00C04F79EFBC}") = "Yarp.ReverseProxy.FunctionalTests", "test\ReverseProxy.FunctionalTests\Yarp.ReverseProxy.FunctionalTests.csproj", "{A8D94784-CE98-5ECA-7C9F-971769BB1148}"
EndProject
Project("{2150E333-8FDC-42A3-9474-1A3956D46DE8}") = "Kubernetes.Tests", "Kubernetes.Tests", "{F188D635-1BF5-6593-8B2D-C34BD502E1B4}"
EndProject
Project("{FAE04EC0-301F-11D3-BF4B-00C04F79EFBC}") = "Yarp.Kubernetes.Tests", "test\Kubernetes.Tests\Yarp.Kubernetes.Tests.csproj", "{6E5D4D5F-1D5D-9B2E-BE58-E14A59ECA553}"
EndProject
Project("{2150E333-8FDC-42A3-9474-1A3956D46DE8}") = "Tests.Common", "Tests.Common", "{2121892E-F5B2-9449-F2CA-C890C49D3E2A}"
EndProject
Project("{FAE04EC0-301F-11D3-BF4B-00C04F79EFBC}") = "Yarp.Tests.Common", "test\Tests.Common\Yarp.Tests.Common.csproj", "{CDF15528-BC03-CD5E-13C9-90C6063B54C0}"
EndProject
Project("{FAE04EC0-301F-11D3-BF4B-00C04F79EFBC}") = "ReverseProxy.Transforms.Sample", "samples\ReverseProxy.Transforms.Sample\ReverseProxy.Transforms.Sample.csproj", "{28759DEC-3511-D49B-FF08-737292CA4286}"
EndProject
Project("{FAE04EC0-301F-11D3-BF4B-00C04F79EFBC}") = "SampleServer", "samples\SampleServer\SampleServer.csproj", "{3A001BAD-8C42-206C-68B5-9AE02CA489A7}"
EndProject
Project("{FAE04EC0-301F-11D3-BF4B-00C04F79EFBC}") = "ReverseProxy.LetsEncrypt.Sample", "samples\ReverseProxy.LetsEncrypt.Sample\ReverseProxy.LetsEncrypt.Sample.csproj", "{C924AC89-4A27-CD42-03D4-55B9C071E633}"
EndProject
Project("{FAE04EC0-301F-11D3-BF4B-00C04F79EFBC}") = "ReverseProxy.Config.Sample", "samples\ReverseProxy.Config.Sample\ReverseProxy.Config.Sample.csproj", "{EBAC7BCD-F84A-A4AE-1256-FA2EC77DE54C}"
EndProject
Project("{FAE04EC0-301F-11D3-BF4B-00C04F79EFBC}") = "BasicYarpSample", "samples\BasicYarpSample\BasicYarpSample.csproj", "{D5E5C373-5CE5-4F75-C480-1F92452701D2}"
EndProject
Project("{FAE04EC0-301F-11D3-BF4B-00C04F79EFBC}") = "ReverseProxy.ConfigFilter.Sample", "samples\ReverseProxy.ConfigFilter.Sample\ReverseProxy.ConfigFilter.Sample.csproj", "{82EF71FA-33B8-8B80-9005-2D27675AD9A5}"
EndProject
Project("{FAE04EC0-301F-11D3-BF4B-00C04F79EFBC}") = "ReverseProxy.Metrics.Sample", "samples\ReverseProxy.Metrics.Sample\ReverseProxy.Metrics.Sample.csproj", "{C638A7CB-1E3A-55E1-232E-1C4F4909D380}"
EndProject
Project("{FAE04EC0-301F-11D3-BF4B-00C04F79EFBC}") = "ReverseProxy.Direct.Sample", "samples\ReverseProxy.Direct.Sample\ReverseProxy.Direct.Sample.csproj", "{B24CF592-6C6D-EE54-DB78-F4D4928B8B99}"
EndProject
Project("{FAE04EC0-301F-11D3-BF4B-00C04F79EFBC}") = "ReverseProxy.Auth.Sample", "samples\ReverseProxy.Auth.Sample\ReverseProxy.Auth.Sample.csproj", "{6095532E-56BC-C445-3995-93175206CDE9}"
EndProject
Project("{FAE04EC0-301F-11D3-BF4B-00C04F79EFBC}") = "ReverseProxy.Code.Sample", "samples\ReverseProxy.Code.Sample\ReverseProxy.Code.Sample.csproj", "{855371A1-AC05-E48E-F26E-ED7B6A8EF7C9}"
EndProject
Project("{FAE04EC0-301F-11D3-BF4B-00C04F79EFBC}") = "TestServer", "testassets\TestServer\TestServer.csproj", "{FF192E29-598A-385B-7E79-427889AF8A40}"
EndProject
Project("{FAE04EC0-301F-11D3-BF4B-00C04F79EFBC}") = "BenchmarkApp", "testassets\BenchmarkApp\BenchmarkApp.csproj", "{EA351188-56DA-17E5-2428-3F2D0861B1CD}"
EndProject
Project("{FAE04EC0-301F-11D3-BF4B-00C04F79EFBC}") = "TestClient", "testassets\TestClient\TestClient.csproj", "{09F4F109-0C74-9316-38BD-23AB77A3B7B2}"
EndProject
Project("{FAE04EC0-301F-11D3-BF4B-00C04F79EFBC}") = "ReverseProxy.Code", "testassets\ReverseProxy.Code\ReverseProxy.Code.csproj", "{0B40DE95-8F2B-3038-A642-F2B42D347621}"
EndProject
Project("{FAE04EC0-301F-11D3-BF4B-00C04F79EFBC}") = "ReverseProxy.Direct", "testassets\ReverseProxy.Direct\ReverseProxy.Direct.csproj", "{D93AAE1C-73BC-B541-65EB-03FE0E296601}"
EndProject
Project("{FAE04EC0-301F-11D3-BF4B-00C04F79EFBC}") = "ReverseProxy.Config", "testassets\ReverseProxy.Config\ReverseProxy.Config.csproj", "{7728BBDE-CF64-97E4-C393-4D1F9341AC15}"
EndProject
Project("{2150E333-8FDC-42A3-9474-1A3956D46DE8}") = "Kubernetes.Controller", "Kubernetes.Controller", "{D61DB9B7-5BBD-FCB2-531E-5FDDCD26B6D9}"
EndProject
Project("{FAE04EC0-301F-11D3-BF4B-00C04F79EFBC}") = "Yarp.Kubernetes.Controller", "src\Kubernetes.Controller\Yarp.Kubernetes.Controller.csproj", "{E0B83DE5-2AB5-1BDD-7371-3428F2C7935B}"
EndProject
Project("{2150E333-8FDC-42A3-9474-1A3956D46DE8}") = "ReverseProxy", "ReverseProxy", "{62C5990B-0C02-7A9C-B795-08A56680F240}"
EndProject
Project("{FAE04EC0-301F-11D3-BF4B-00C04F79EFBC}") = "Yarp.ReverseProxy", "src\ReverseProxy\Yarp.ReverseProxy.csproj", "{5ABD525C-A42C-15CC-B248-96E999341DE5}"
EndProject
Project("{2150E333-8FDC-42A3-9474-1A3956D46DE8}") = "TelemetryConsumption", "TelemetryConsumption", "{4984A3D8-122B-38F6-1045-707EDF10285B}"
EndProject
Project("{FAE04EC0-301F-11D3-BF4B-00C04F79EFBC}") = "Yarp.Telemetry.Consumption", "src\TelemetryConsumption\Yarp.Telemetry.Consumption.csproj", "{B35DDD5B-B9C1-75BB-CDB5-5A9F5128D93C}"
EndProject
Project("{2150E333-8FDC-42A3-9474-1A3956D46DE8}") = "Application", "Application", "{22BAF98C-8415-17C4-B26A-D537657BC863}"
EndProject
Project("{FAE04EC0-301F-11D3-BF4B-00C04F79EFBC}") = "Yarp.Application", "src\Application\Yarp.Application.csproj", "{98EC43D0-8332-6824-7F57-53BE00E7ABD3}"
EndProject
Project("{2150E333-8FDC-42A3-9474-1A3956D46DE8}") = "common", "common", "{C3C130B5-2C3F-D4B2-E3F3-EC385075C7AB}"
EndProject
Project("{2150E333-8FDC-42A3-9474-1A3956D46DE8}") = "internal", "internal", "{C6130973-0118-E5DD-BCE1-84093C2943A8}"
EndProject
Project("{FAE04EC0-301F-11D3-BF4B-00C04F79EFBC}") = "Tools", "eng\common\internal\Tools.csproj", "{4F21FD48-C11F-D5EF-ADE2-1691A92E45C5}"
EndProject
Project("{2150E333-8FDC-42A3-9474-1A3956D46DE8}") = "ReverseProxy.HttpSysDelegation.Sample", "ReverseProxy.HttpSysDelegation.Sample", "{A69ACDE6-F4FC-639F-BA3F-4FB5AFF5C774}"
EndProject
Project("{2150E333-8FDC-42A3-9474-1A3956D46DE8}") = "ReverseProxy", "ReverseProxy", "{69317E6A-1A53-5EDE-EA1B-247A70890B0C}"
EndProject
Project("{FAE04EC0-301F-11D3-BF4B-00C04F79EFBC}") = "ReverseProxy.HttpSysDelegation.Sample", "samples\ReverseProxy.HttpSysDelegation.Sample\ReverseProxy\ReverseProxy.HttpSysDelegation.Sample.csproj", "{C7A135C8-CDDA-4FBC-33F4-619A98E346D7}"
EndProject
Project("{FAE04EC0-301F-11D3-BF4B-00C04F79EFBC}") = "SampleHttpSysServer", "samples\ReverseProxy.HttpSysDelegation.Sample\SampleHttpSysServer\SampleHttpSysServer.csproj", "{A2B920FB-9E8F-4AC2-8AD7-3A8C1932CEF6}"
EndProject
Project("{2150E333-8FDC-42A3-9474-1A3956D46DE8}") = "KubernetesIngress.Sample", "KubernetesIngress.Sample", "{AA5915AB-CDF2-4FE6-F42F-2F2F75635438}"
EndProject
Project("{2150E333-8FDC-42A3-9474-1A3956D46DE8}") = "Monitor", "Monitor", "{DDB49D4A-968A-CC5D-C416-BBFCBA5712E5}"
EndProject
Project("{FAE04EC0-301F-11D3-BF4B-00C04F79EFBC}") = "Yarp.Kubernetes.Monitor", "samples\KubernetesIngress.Sample\Monitor\Yarp.Kubernetes.Monitor.csproj", "{07B9B328-79F7-A79D-E3EE-74BF09641217}"
EndProject
Project("{2150E333-8FDC-42A3-9474-1A3956D46DE8}") = "Ingress", "Ingress", "{B3713ADE-32AF-78C8-C1EE-8071F53AD94C}"
EndProject
Project("{FAE04EC0-301F-11D3-BF4B-00C04F79EFBC}") = "Yarp.Kubernetes.Ingress", "samples\KubernetesIngress.Sample\Ingress\Yarp.Kubernetes.Ingress.csproj", "{261CB5E0-49B7-45D1-9F30-4FEDAD1169FC}"
EndProject
Project("{FAE04EC0-301F-11D3-BF4B-00C04F79EFBC}") = "backend", "samples\KubernetesIngress.Sample\backend\backend.csproj", "{481CFDBB-AD5F-C54B-22EC-930B725213B9}"
EndProject
Project("{2150E333-8FDC-42A3-9474-1A3956D46DE8}") = "Combined", "Combined", "{5734323C-4185-9A2C-A7D7-74941A1698FC}"
EndProject
Project("{FAE04EC0-301F-11D3-BF4B-00C04F79EFBC}") = "Yarp.Kubernetes.IngressController", "samples\KubernetesIngress.Sample\Combined\Yarp.Kubernetes.IngressController.csproj", "{0B1B541D-2DCF-D055-9848-144BA690ABA5}"
EndProject
Project("{2150E333-8FDC-42A3-9474-1A3956D46DE8}") = "Prometheus", "Prometheus", "{8FF94C8A-DFF0-B4DD-96BD-281BD8CC87E5}"
EndProject
Project("{2150E333-8FDC-42A3-9474-1A3956D46DE8}") = "ReverseProxy.Metrics-Prometheus.Sample", "ReverseProxy.Metrics-Prometheus.Sample", "{B2778449-7EE7-E55F-4187-0005FF23A497}"
EndProject
Project("{FAE04EC0-301F-11D3-BF4B-00C04F79EFBC}") = "ReverseProxy.Metrics.Prometheus.Sample", "samples\Prometheus\ReverseProxy.Metrics-Prometheus.Sample\ReverseProxy.Metrics.Prometheus.Sample.csproj", "{F5D94793-5AF3-664A-BFC2-2D6F45AEBBB7}"
EndProject
Project("{FAE04EC0-301F-11D3-BF4B-00C04F79EFBC}") = "HttpLoadApp", "samples\Prometheus\HttpLoadApp\HttpLoadApp.csproj", "{F0917A3F-E733-030B-9A2F-46A9F17CC3EC}"
EndProject
Global
	GlobalSection(SolutionConfigurationPlatforms) = preSolution
		Debug|Any CPU = Debug|Any CPU
		Release|Any CPU = Release|Any CPU
	EndGlobalSection
	GlobalSection(ProjectConfigurationPlatforms) = postSolution
		{55791CE7-E2CF-0EA5-E9FD-F692F84D87CF}.Debug|Any CPU.ActiveCfg = Debug|Any CPU
		{55791CE7-E2CF-0EA5-E9FD-F692F84D87CF}.Debug|Any CPU.Build.0 = Debug|Any CPU
		{55791CE7-E2CF-0EA5-E9FD-F692F84D87CF}.Release|Any CPU.ActiveCfg = Release|Any CPU
		{55791CE7-E2CF-0EA5-E9FD-F692F84D87CF}.Release|Any CPU.Build.0 = Release|Any CPU
		{8774BAFB-5F63-813C-5AAB-F7DA777C2EA5}.Debug|Any CPU.ActiveCfg = Debug|Any CPU
		{8774BAFB-5F63-813C-5AAB-F7DA777C2EA5}.Debug|Any CPU.Build.0 = Debug|Any CPU
		{8774BAFB-5F63-813C-5AAB-F7DA777C2EA5}.Release|Any CPU.ActiveCfg = Release|Any CPU
		{8774BAFB-5F63-813C-5AAB-F7DA777C2EA5}.Release|Any CPU.Build.0 = Release|Any CPU
		{58D01B73-9B76-A187-73CE-DE71641393F6}.Debug|Any CPU.ActiveCfg = Debug|Any CPU
		{58D01B73-9B76-A187-73CE-DE71641393F6}.Debug|Any CPU.Build.0 = Debug|Any CPU
		{58D01B73-9B76-A187-73CE-DE71641393F6}.Release|Any CPU.ActiveCfg = Release|Any CPU
		{58D01B73-9B76-A187-73CE-DE71641393F6}.Release|Any CPU.Build.0 = Release|Any CPU
		{5F3571D9-2556-67B0-1EB6-DE7F86A7E2F8}.Debug|Any CPU.ActiveCfg = Debug|Any CPU
		{5F3571D9-2556-67B0-1EB6-DE7F86A7E2F8}.Debug|Any CPU.Build.0 = Debug|Any CPU
		{5F3571D9-2556-67B0-1EB6-DE7F86A7E2F8}.Release|Any CPU.ActiveCfg = Release|Any CPU
		{5F3571D9-2556-67B0-1EB6-DE7F86A7E2F8}.Release|Any CPU.Build.0 = Release|Any CPU
		{A8D94784-CE98-5ECA-7C9F-971769BB1148}.Debug|Any CPU.ActiveCfg = Debug|Any CPU
		{A8D94784-CE98-5ECA-7C9F-971769BB1148}.Debug|Any CPU.Build.0 = Debug|Any CPU
		{A8D94784-CE98-5ECA-7C9F-971769BB1148}.Release|Any CPU.ActiveCfg = Release|Any CPU
		{A8D94784-CE98-5ECA-7C9F-971769BB1148}.Release|Any CPU.Build.0 = Release|Any CPU
		{6E5D4D5F-1D5D-9B2E-BE58-E14A59ECA553}.Debug|Any CPU.ActiveCfg = Debug|Any CPU
		{6E5D4D5F-1D5D-9B2E-BE58-E14A59ECA553}.Debug|Any CPU.Build.0 = Debug|Any CPU
		{6E5D4D5F-1D5D-9B2E-BE58-E14A59ECA553}.Release|Any CPU.ActiveCfg = Release|Any CPU
		{6E5D4D5F-1D5D-9B2E-BE58-E14A59ECA553}.Release|Any CPU.Build.0 = Release|Any CPU
		{CDF15528-BC03-CD5E-13C9-90C6063B54C0}.Debug|Any CPU.ActiveCfg = Debug|Any CPU
		{CDF15528-BC03-CD5E-13C9-90C6063B54C0}.Debug|Any CPU.Build.0 = Debug|Any CPU
		{CDF15528-BC03-CD5E-13C9-90C6063B54C0}.Release|Any CPU.ActiveCfg = Release|Any CPU
		{CDF15528-BC03-CD5E-13C9-90C6063B54C0}.Release|Any CPU.Build.0 = Release|Any CPU
		{28759DEC-3511-D49B-FF08-737292CA4286}.Debug|Any CPU.ActiveCfg = Debug|Any CPU
		{28759DEC-3511-D49B-FF08-737292CA4286}.Debug|Any CPU.Build.0 = Debug|Any CPU
		{28759DEC-3511-D49B-FF08-737292CA4286}.Release|Any CPU.ActiveCfg = Release|Any CPU
		{28759DEC-3511-D49B-FF08-737292CA4286}.Release|Any CPU.Build.0 = Release|Any CPU
		{3A001BAD-8C42-206C-68B5-9AE02CA489A7}.Debug|Any CPU.ActiveCfg = Debug|Any CPU
		{3A001BAD-8C42-206C-68B5-9AE02CA489A7}.Debug|Any CPU.Build.0 = Debug|Any CPU
		{3A001BAD-8C42-206C-68B5-9AE02CA489A7}.Release|Any CPU.ActiveCfg = Release|Any CPU
		{3A001BAD-8C42-206C-68B5-9AE02CA489A7}.Release|Any CPU.Build.0 = Release|Any CPU
		{C924AC89-4A27-CD42-03D4-55B9C071E633}.Debug|Any CPU.ActiveCfg = Debug|Any CPU
		{C924AC89-4A27-CD42-03D4-55B9C071E633}.Debug|Any CPU.Build.0 = Debug|Any CPU
		{C924AC89-4A27-CD42-03D4-55B9C071E633}.Release|Any CPU.ActiveCfg = Release|Any CPU
		{C924AC89-4A27-CD42-03D4-55B9C071E633}.Release|Any CPU.Build.0 = Release|Any CPU
		{EBAC7BCD-F84A-A4AE-1256-FA2EC77DE54C}.Debug|Any CPU.ActiveCfg = Debug|Any CPU
		{EBAC7BCD-F84A-A4AE-1256-FA2EC77DE54C}.Debug|Any CPU.Build.0 = Debug|Any CPU
		{EBAC7BCD-F84A-A4AE-1256-FA2EC77DE54C}.Release|Any CPU.ActiveCfg = Release|Any CPU
		{EBAC7BCD-F84A-A4AE-1256-FA2EC77DE54C}.Release|Any CPU.Build.0 = Release|Any CPU
		{D5E5C373-5CE5-4F75-C480-1F92452701D2}.Debug|Any CPU.ActiveCfg = Debug|Any CPU
		{D5E5C373-5CE5-4F75-C480-1F92452701D2}.Debug|Any CPU.Build.0 = Debug|Any CPU
		{D5E5C373-5CE5-4F75-C480-1F92452701D2}.Release|Any CPU.ActiveCfg = Release|Any CPU
		{D5E5C373-5CE5-4F75-C480-1F92452701D2}.Release|Any CPU.Build.0 = Release|Any CPU
		{82EF71FA-33B8-8B80-9005-2D27675AD9A5}.Debug|Any CPU.ActiveCfg = Debug|Any CPU
		{82EF71FA-33B8-8B80-9005-2D27675AD9A5}.Debug|Any CPU.Build.0 = Debug|Any CPU
		{82EF71FA-33B8-8B80-9005-2D27675AD9A5}.Release|Any CPU.ActiveCfg = Release|Any CPU
		{82EF71FA-33B8-8B80-9005-2D27675AD9A5}.Release|Any CPU.Build.0 = Release|Any CPU
		{C638A7CB-1E3A-55E1-232E-1C4F4909D380}.Debug|Any CPU.ActiveCfg = Debug|Any CPU
		{C638A7CB-1E3A-55E1-232E-1C4F4909D380}.Debug|Any CPU.Build.0 = Debug|Any CPU
		{C638A7CB-1E3A-55E1-232E-1C4F4909D380}.Release|Any CPU.ActiveCfg = Release|Any CPU
		{C638A7CB-1E3A-55E1-232E-1C4F4909D380}.Release|Any CPU.Build.0 = Release|Any CPU
		{B24CF592-6C6D-EE54-DB78-F4D4928B8B99}.Debug|Any CPU.ActiveCfg = Debug|Any CPU
		{B24CF592-6C6D-EE54-DB78-F4D4928B8B99}.Debug|Any CPU.Build.0 = Debug|Any CPU
		{B24CF592-6C6D-EE54-DB78-F4D4928B8B99}.Release|Any CPU.ActiveCfg = Release|Any CPU
		{B24CF592-6C6D-EE54-DB78-F4D4928B8B99}.Release|Any CPU.Build.0 = Release|Any CPU
		{6095532E-56BC-C445-3995-93175206CDE9}.Debug|Any CPU.ActiveCfg = Debug|Any CPU
		{6095532E-56BC-C445-3995-93175206CDE9}.Debug|Any CPU.Build.0 = Debug|Any CPU
		{6095532E-56BC-C445-3995-93175206CDE9}.Release|Any CPU.ActiveCfg = Release|Any CPU
		{6095532E-56BC-C445-3995-93175206CDE9}.Release|Any CPU.Build.0 = Release|Any CPU
		{855371A1-AC05-E48E-F26E-ED7B6A8EF7C9}.Debug|Any CPU.ActiveCfg = Debug|Any CPU
		{855371A1-AC05-E48E-F26E-ED7B6A8EF7C9}.Debug|Any CPU.Build.0 = Debug|Any CPU
		{855371A1-AC05-E48E-F26E-ED7B6A8EF7C9}.Release|Any CPU.ActiveCfg = Release|Any CPU
		{855371A1-AC05-E48E-F26E-ED7B6A8EF7C9}.Release|Any CPU.Build.0 = Release|Any CPU
		{FF192E29-598A-385B-7E79-427889AF8A40}.Debug|Any CPU.ActiveCfg = Debug|Any CPU
		{FF192E29-598A-385B-7E79-427889AF8A40}.Debug|Any CPU.Build.0 = Debug|Any CPU
		{FF192E29-598A-385B-7E79-427889AF8A40}.Release|Any CPU.ActiveCfg = Release|Any CPU
		{FF192E29-598A-385B-7E79-427889AF8A40}.Release|Any CPU.Build.0 = Release|Any CPU
		{EA351188-56DA-17E5-2428-3F2D0861B1CD}.Debug|Any CPU.ActiveCfg = Debug|Any CPU
		{EA351188-56DA-17E5-2428-3F2D0861B1CD}.Debug|Any CPU.Build.0 = Debug|Any CPU
		{EA351188-56DA-17E5-2428-3F2D0861B1CD}.Release|Any CPU.ActiveCfg = Release|Any CPU
		{EA351188-56DA-17E5-2428-3F2D0861B1CD}.Release|Any CPU.Build.0 = Release|Any CPU
		{09F4F109-0C74-9316-38BD-23AB77A3B7B2}.Debug|Any CPU.ActiveCfg = Debug|Any CPU
		{09F4F109-0C74-9316-38BD-23AB77A3B7B2}.Debug|Any CPU.Build.0 = Debug|Any CPU
		{09F4F109-0C74-9316-38BD-23AB77A3B7B2}.Release|Any CPU.ActiveCfg = Release|Any CPU
		{09F4F109-0C74-9316-38BD-23AB77A3B7B2}.Release|Any CPU.Build.0 = Release|Any CPU
		{0B40DE95-8F2B-3038-A642-F2B42D347621}.Debug|Any CPU.ActiveCfg = Debug|Any CPU
		{0B40DE95-8F2B-3038-A642-F2B42D347621}.Debug|Any CPU.Build.0 = Debug|Any CPU
		{0B40DE95-8F2B-3038-A642-F2B42D347621}.Release|Any CPU.ActiveCfg = Release|Any CPU
		{0B40DE95-8F2B-3038-A642-F2B42D347621}.Release|Any CPU.Build.0 = Release|Any CPU
		{D93AAE1C-73BC-B541-65EB-03FE0E296601}.Debug|Any CPU.ActiveCfg = Debug|Any CPU
		{D93AAE1C-73BC-B541-65EB-03FE0E296601}.Debug|Any CPU.Build.0 = Debug|Any CPU
		{D93AAE1C-73BC-B541-65EB-03FE0E296601}.Release|Any CPU.ActiveCfg = Release|Any CPU
		{D93AAE1C-73BC-B541-65EB-03FE0E296601}.Release|Any CPU.Build.0 = Release|Any CPU
		{7728BBDE-CF64-97E4-C393-4D1F9341AC15}.Debug|Any CPU.ActiveCfg = Debug|Any CPU
		{7728BBDE-CF64-97E4-C393-4D1F9341AC15}.Debug|Any CPU.Build.0 = Debug|Any CPU
		{7728BBDE-CF64-97E4-C393-4D1F9341AC15}.Release|Any CPU.ActiveCfg = Release|Any CPU
		{7728BBDE-CF64-97E4-C393-4D1F9341AC15}.Release|Any CPU.Build.0 = Release|Any CPU
		{E0B83DE5-2AB5-1BDD-7371-3428F2C7935B}.Debug|Any CPU.ActiveCfg = Debug|Any CPU
		{E0B83DE5-2AB5-1BDD-7371-3428F2C7935B}.Debug|Any CPU.Build.0 = Debug|Any CPU
		{E0B83DE5-2AB5-1BDD-7371-3428F2C7935B}.Release|Any CPU.ActiveCfg = Release|Any CPU
		{E0B83DE5-2AB5-1BDD-7371-3428F2C7935B}.Release|Any CPU.Build.0 = Release|Any CPU
		{5ABD525C-A42C-15CC-B248-96E999341DE5}.Debug|Any CPU.ActiveCfg = Debug|Any CPU
		{5ABD525C-A42C-15CC-B248-96E999341DE5}.Debug|Any CPU.Build.0 = Debug|Any CPU
		{5ABD525C-A42C-15CC-B248-96E999341DE5}.Release|Any CPU.ActiveCfg = Release|Any CPU
		{5ABD525C-A42C-15CC-B248-96E999341DE5}.Release|Any CPU.Build.0 = Release|Any CPU
		{B35DDD5B-B9C1-75BB-CDB5-5A9F5128D93C}.Debug|Any CPU.ActiveCfg = Debug|Any CPU
		{B35DDD5B-B9C1-75BB-CDB5-5A9F5128D93C}.Debug|Any CPU.Build.0 = Debug|Any CPU
		{B35DDD5B-B9C1-75BB-CDB5-5A9F5128D93C}.Release|Any CPU.ActiveCfg = Release|Any CPU
		{B35DDD5B-B9C1-75BB-CDB5-5A9F5128D93C}.Release|Any CPU.Build.0 = Release|Any CPU
		{98EC43D0-8332-6824-7F57-53BE00E7ABD3}.Debug|Any CPU.ActiveCfg = Debug|Any CPU
		{98EC43D0-8332-6824-7F57-53BE00E7ABD3}.Debug|Any CPU.Build.0 = Debug|Any CPU
		{98EC43D0-8332-6824-7F57-53BE00E7ABD3}.Release|Any CPU.ActiveCfg = Release|Any CPU
		{98EC43D0-8332-6824-7F57-53BE00E7ABD3}.Release|Any CPU.Build.0 = Release|Any CPU
		{4F21FD48-C11F-D5EF-ADE2-1691A92E45C5}.Debug|Any CPU.ActiveCfg = Debug|Any CPU
		{4F21FD48-C11F-D5EF-ADE2-1691A92E45C5}.Debug|Any CPU.Build.0 = Debug|Any CPU
		{4F21FD48-C11F-D5EF-ADE2-1691A92E45C5}.Release|Any CPU.ActiveCfg = Release|Any CPU
		{4F21FD48-C11F-D5EF-ADE2-1691A92E45C5}.Release|Any CPU.Build.0 = Release|Any CPU
		{C7A135C8-CDDA-4FBC-33F4-619A98E346D7}.Debug|Any CPU.ActiveCfg = Debug|Any CPU
		{C7A135C8-CDDA-4FBC-33F4-619A98E346D7}.Debug|Any CPU.Build.0 = Debug|Any CPU
		{C7A135C8-CDDA-4FBC-33F4-619A98E346D7}.Release|Any CPU.ActiveCfg = Release|Any CPU
		{C7A135C8-CDDA-4FBC-33F4-619A98E346D7}.Release|Any CPU.Build.0 = Release|Any CPU
		{A2B920FB-9E8F-4AC2-8AD7-3A8C1932CEF6}.Debug|Any CPU.ActiveCfg = Debug|Any CPU
		{A2B920FB-9E8F-4AC2-8AD7-3A8C1932CEF6}.Debug|Any CPU.Build.0 = Debug|Any CPU
		{A2B920FB-9E8F-4AC2-8AD7-3A8C1932CEF6}.Release|Any CPU.ActiveCfg = Release|Any CPU
		{A2B920FB-9E8F-4AC2-8AD7-3A8C1932CEF6}.Release|Any CPU.Build.0 = Release|Any CPU
		{07B9B328-79F7-A79D-E3EE-74BF09641217}.Debug|Any CPU.ActiveCfg = Debug|Any CPU
		{07B9B328-79F7-A79D-E3EE-74BF09641217}.Debug|Any CPU.Build.0 = Debug|Any CPU
		{07B9B328-79F7-A79D-E3EE-74BF09641217}.Release|Any CPU.ActiveCfg = Release|Any CPU
		{07B9B328-79F7-A79D-E3EE-74BF09641217}.Release|Any CPU.Build.0 = Release|Any CPU
		{261CB5E0-49B7-45D1-9F30-4FEDAD1169FC}.Debug|Any CPU.ActiveCfg = Debug|Any CPU
		{261CB5E0-49B7-45D1-9F30-4FEDAD1169FC}.Debug|Any CPU.Build.0 = Debug|Any CPU
		{261CB5E0-49B7-45D1-9F30-4FEDAD1169FC}.Release|Any CPU.ActiveCfg = Release|Any CPU
		{261CB5E0-49B7-45D1-9F30-4FEDAD1169FC}.Release|Any CPU.Build.0 = Release|Any CPU
		{481CFDBB-AD5F-C54B-22EC-930B725213B9}.Debug|Any CPU.ActiveCfg = Debug|Any CPU
		{481CFDBB-AD5F-C54B-22EC-930B725213B9}.Debug|Any CPU.Build.0 = Debug|Any CPU
		{481CFDBB-AD5F-C54B-22EC-930B725213B9}.Release|Any CPU.ActiveCfg = Release|Any CPU
		{481CFDBB-AD5F-C54B-22EC-930B725213B9}.Release|Any CPU.Build.0 = Release|Any CPU
		{0B1B541D-2DCF-D055-9848-144BA690ABA5}.Debug|Any CPU.ActiveCfg = Debug|Any CPU
		{0B1B541D-2DCF-D055-9848-144BA690ABA5}.Debug|Any CPU.Build.0 = Debug|Any CPU
		{0B1B541D-2DCF-D055-9848-144BA690ABA5}.Release|Any CPU.ActiveCfg = Release|Any CPU
		{0B1B541D-2DCF-D055-9848-144BA690ABA5}.Release|Any CPU.Build.0 = Release|Any CPU
		{F5D94793-5AF3-664A-BFC2-2D6F45AEBBB7}.Debug|Any CPU.ActiveCfg = Debug|Any CPU
		{F5D94793-5AF3-664A-BFC2-2D6F45AEBBB7}.Debug|Any CPU.Build.0 = Debug|Any CPU
		{F5D94793-5AF3-664A-BFC2-2D6F45AEBBB7}.Release|Any CPU.ActiveCfg = Release|Any CPU
		{F5D94793-5AF3-664A-BFC2-2D6F45AEBBB7}.Release|Any CPU.Build.0 = Release|Any CPU
		{F0917A3F-E733-030B-9A2F-46A9F17CC3EC}.Debug|Any CPU.ActiveCfg = Debug|Any CPU
		{F0917A3F-E733-030B-9A2F-46A9F17CC3EC}.Debug|Any CPU.Build.0 = Debug|Any CPU
		{F0917A3F-E733-030B-9A2F-46A9F17CC3EC}.Release|Any CPU.ActiveCfg = Release|Any CPU
		{F0917A3F-E733-030B-9A2F-46A9F17CC3EC}.Release|Any CPU.Build.0 = Release|Any CPU
	EndGlobalSection
	GlobalSection(SolutionProperties) = preSolution
		HideSolutionNode = FALSE
	EndGlobalSection
	GlobalSection(NestedProjects) = preSolution
		{897BA3B2-BC1D-FDEF-C6F3-E6756EDADCBE} = {7525B257-249C-EE79-B10A-65D0BC27ABA9}
		{55791CE7-E2CF-0EA5-E9FD-F692F84D87CF} = {897BA3B2-BC1D-FDEF-C6F3-E6756EDADCBE}
		{8774BAFB-5F63-813C-5AAB-F7DA777C2EA5} = {897BA3B2-BC1D-FDEF-C6F3-E6756EDADCBE}
		{A9D4E39F-4D25-9AF6-48CA-469BF27C04C3} = {0C88DD14-F956-CE84-757C-A364CCF449FC}
		{58D01B73-9B76-A187-73CE-DE71641393F6} = {A9D4E39F-4D25-9AF6-48CA-469BF27C04C3}
		{DBFC996C-B498-C9ED-1F66-935C09ED0954} = {0C88DD14-F956-CE84-757C-A364CCF449FC}
		{5F3571D9-2556-67B0-1EB6-DE7F86A7E2F8} = {DBFC996C-B498-C9ED-1F66-935C09ED0954}
		{176F0CAF-FB2E-E5C2-8D92-9DC35187CEB3} = {0C88DD14-F956-CE84-757C-A364CCF449FC}
		{A8D94784-CE98-5ECA-7C9F-971769BB1148} = {176F0CAF-FB2E-E5C2-8D92-9DC35187CEB3}
		{F188D635-1BF5-6593-8B2D-C34BD502E1B4} = {0C88DD14-F956-CE84-757C-A364CCF449FC}
		{6E5D4D5F-1D5D-9B2E-BE58-E14A59ECA553} = {F188D635-1BF5-6593-8B2D-C34BD502E1B4}
		{2121892E-F5B2-9449-F2CA-C890C49D3E2A} = {0C88DD14-F956-CE84-757C-A364CCF449FC}
		{CDF15528-BC03-CD5E-13C9-90C6063B54C0} = {2121892E-F5B2-9449-F2CA-C890C49D3E2A}
		{28759DEC-3511-D49B-FF08-737292CA4286} = {5D20AA90-6969-D8BD-9DCD-8634F4692FDA}
		{3A001BAD-8C42-206C-68B5-9AE02CA489A7} = {5D20AA90-6969-D8BD-9DCD-8634F4692FDA}
		{C924AC89-4A27-CD42-03D4-55B9C071E633} = {5D20AA90-6969-D8BD-9DCD-8634F4692FDA}
		{EBAC7BCD-F84A-A4AE-1256-FA2EC77DE54C} = {5D20AA90-6969-D8BD-9DCD-8634F4692FDA}
		{D5E5C373-5CE5-4F75-C480-1F92452701D2} = {5D20AA90-6969-D8BD-9DCD-8634F4692FDA}
		{82EF71FA-33B8-8B80-9005-2D27675AD9A5} = {5D20AA90-6969-D8BD-9DCD-8634F4692FDA}
		{C638A7CB-1E3A-55E1-232E-1C4F4909D380} = {5D20AA90-6969-D8BD-9DCD-8634F4692FDA}
		{B24CF592-6C6D-EE54-DB78-F4D4928B8B99} = {5D20AA90-6969-D8BD-9DCD-8634F4692FDA}
		{6095532E-56BC-C445-3995-93175206CDE9} = {5D20AA90-6969-D8BD-9DCD-8634F4692FDA}
		{855371A1-AC05-E48E-F26E-ED7B6A8EF7C9} = {5D20AA90-6969-D8BD-9DCD-8634F4692FDA}
		{FF192E29-598A-385B-7E79-427889AF8A40} = {D60AE85E-0EEB-9F9F-5028-C5AE7D3D09F0}
		{EA351188-56DA-17E5-2428-3F2D0861B1CD} = {D60AE85E-0EEB-9F9F-5028-C5AE7D3D09F0}
		{09F4F109-0C74-9316-38BD-23AB77A3B7B2} = {D60AE85E-0EEB-9F9F-5028-C5AE7D3D09F0}
		{0B40DE95-8F2B-3038-A642-F2B42D347621} = {D60AE85E-0EEB-9F9F-5028-C5AE7D3D09F0}
		{D93AAE1C-73BC-B541-65EB-03FE0E296601} = {D60AE85E-0EEB-9F9F-5028-C5AE7D3D09F0}
		{7728BBDE-CF64-97E4-C393-4D1F9341AC15} = {D60AE85E-0EEB-9F9F-5028-C5AE7D3D09F0}
		{D61DB9B7-5BBD-FCB2-531E-5FDDCD26B6D9} = {827E0CD3-B72D-47B6-A68D-7590B98EB39B}
		{E0B83DE5-2AB5-1BDD-7371-3428F2C7935B} = {D61DB9B7-5BBD-FCB2-531E-5FDDCD26B6D9}
		{62C5990B-0C02-7A9C-B795-08A56680F240} = {827E0CD3-B72D-47B6-A68D-7590B98EB39B}
		{5ABD525C-A42C-15CC-B248-96E999341DE5} = {62C5990B-0C02-7A9C-B795-08A56680F240}
		{4984A3D8-122B-38F6-1045-707EDF10285B} = {827E0CD3-B72D-47B6-A68D-7590B98EB39B}
		{B35DDD5B-B9C1-75BB-CDB5-5A9F5128D93C} = {4984A3D8-122B-38F6-1045-707EDF10285B}
		{22BAF98C-8415-17C4-B26A-D537657BC863} = {827E0CD3-B72D-47B6-A68D-7590B98EB39B}
		{98EC43D0-8332-6824-7F57-53BE00E7ABD3} = {22BAF98C-8415-17C4-B26A-D537657BC863}
		{C3C130B5-2C3F-D4B2-E3F3-EC385075C7AB} = {7525B257-249C-EE79-B10A-65D0BC27ABA9}
		{C6130973-0118-E5DD-BCE1-84093C2943A8} = {C3C130B5-2C3F-D4B2-E3F3-EC385075C7AB}
		{4F21FD48-C11F-D5EF-ADE2-1691A92E45C5} = {C6130973-0118-E5DD-BCE1-84093C2943A8}
		{A69ACDE6-F4FC-639F-BA3F-4FB5AFF5C774} = {5D20AA90-6969-D8BD-9DCD-8634F4692FDA}
		{69317E6A-1A53-5EDE-EA1B-247A70890B0C} = {A69ACDE6-F4FC-639F-BA3F-4FB5AFF5C774}
		{C7A135C8-CDDA-4FBC-33F4-619A98E346D7} = {69317E6A-1A53-5EDE-EA1B-247A70890B0C}
		{A2B920FB-9E8F-4AC2-8AD7-3A8C1932CEF6} = {A69ACDE6-F4FC-639F-BA3F-4FB5AFF5C774}
		{AA5915AB-CDF2-4FE6-F42F-2F2F75635438} = {5D20AA90-6969-D8BD-9DCD-8634F4692FDA}
		{DDB49D4A-968A-CC5D-C416-BBFCBA5712E5} = {AA5915AB-CDF2-4FE6-F42F-2F2F75635438}
		{07B9B328-79F7-A79D-E3EE-74BF09641217} = {DDB49D4A-968A-CC5D-C416-BBFCBA5712E5}
		{B3713ADE-32AF-78C8-C1EE-8071F53AD94C} = {AA5915AB-CDF2-4FE6-F42F-2F2F75635438}
		{261CB5E0-49B7-45D1-9F30-4FEDAD1169FC} = {B3713ADE-32AF-78C8-C1EE-8071F53AD94C}
		{481CFDBB-AD5F-C54B-22EC-930B725213B9} = {AA5915AB-CDF2-4FE6-F42F-2F2F75635438}
		{5734323C-4185-9A2C-A7D7-74941A1698FC} = {AA5915AB-CDF2-4FE6-F42F-2F2F75635438}
		{0B1B541D-2DCF-D055-9848-144BA690ABA5} = {5734323C-4185-9A2C-A7D7-74941A1698FC}
		{8FF94C8A-DFF0-B4DD-96BD-281BD8CC87E5} = {5D20AA90-6969-D8BD-9DCD-8634F4692FDA}
		{B2778449-7EE7-E55F-4187-0005FF23A497} = {8FF94C8A-DFF0-B4DD-96BD-281BD8CC87E5}
		{F5D94793-5AF3-664A-BFC2-2D6F45AEBBB7} = {B2778449-7EE7-E55F-4187-0005FF23A497}
		{F0917A3F-E733-030B-9A2F-46A9F17CC3EC} = {8FF94C8A-DFF0-B4DD-96BD-281BD8CC87E5}
	EndGlobalSection
	GlobalSection(ExtensibilityGlobals) = postSolution
		SolutionGuid = {AB3C76C8-692B-42F3-8FBF-1BADF03C289A}
	EndGlobalSection
EndGlobal
